// !$*UTF8*$!
{
	archiveVersion = 1;
	classes = {
	};
	objectVersion = 56;
	objects = {

/* Begin PBXBuildFile section */
		5130F16B2C1D637C00AB3CAA /* TaskManagerApp.swift in Sources */ = {isa = PBXBuildFile; fileRef = 5130F16A2C1D637C00AB3CAA /* TaskManagerApp.swift */; };
		5130F16F2C1D637D00AB3CAA /* Assets.xcassets in Resources */ = {isa = PBXBuildFile; fileRef = 5130F16E2C1D637D00AB3CAA /* Assets.xcassets */; };
		5130F1722C1D637D00AB3CAA /* Preview Assets.xcassets in Resources */ = {isa = PBXBuildFile; fileRef = 5130F1712C1D637D00AB3CAA /* Preview Assets.xcassets */; };
		5130F1792C1D639400AB3CAA /* Task.swift in Sources */ = {isa = PBXBuildFile; fileRef = 5130F1782C1D639400AB3CAA /* Task.swift */; };
		5130F1802C1D658A00AB3CAA /* DateExtension.swift in Sources */ = {isa = PBXBuildFile; fileRef = 5130F17F2C1D658A00AB3CAA /* DateExtension.swift */; };
		5130F1832C1D65B100AB3CAA /* ViewExtension.swift in Sources */ = {isa = PBXBuildFile; fileRef = 5130F1822C1D65B100AB3CAA /* ViewExtension.swift */; };
		5130F1852C1D669900AB3CAA /* CalendarView.swift in Sources */ = {isa = PBXBuildFile; fileRef = 5130F1842C1D669900AB3CAA /* CalendarView.swift */; };
		5130F1872C1D696000AB3CAA /* WeekDay.swift in Sources */ = {isa = PBXBuildFile; fileRef = 5130F1862C1D696000AB3CAA /* WeekDay.swift */; };
		5130F18A2C1D6C9600AB3CAA /* WeekView.swift in Sources */ = {isa = PBXBuildFile; fileRef = 5130F1892C1D6C9600AB3CAA /* WeekView.swift */; };
		5130F18C2C1D809F00AB3CAA /* ArrayExtension.swift in Sources */ = {isa = PBXBuildFile; fileRef = 5130F18B2C1D809F00AB3CAA /* ArrayExtension.swift */; };
		5130F18E2C1DBD3800AB3CAA /* TaskView.swift in Sources */ = {isa = PBXBuildFile; fileRef = 5130F18D2C1DBD3800AB3CAA /* TaskView.swift */; };
		5130F1902C1EB4D400AB3CAA /* TaskItem.swift in Sources */ = {isa = PBXBuildFile; fileRef = 5130F18F2C1EB4D400AB3CAA /* TaskItem.swift */; };
		5130F1922C1EC6EC00AB3CAA /* NewTaskView.swift in Sources */ = {isa = PBXBuildFile; fileRef = 5130F1912C1EC6EC00AB3CAA /* NewTaskView.swift */; };
/* End PBXBuildFile section */

/* Begin PBXFileReference section */
		5130F1672C1D637C00AB3CAA /* TaskManager.app */ = {isa = PBXFileReference; explicitFileType = wrapper.application; includeInIndex = 0; path = TaskManager.app; sourceTree = BUILT_PRODUCTS_DIR; };
		5130F16A2C1D637C00AB3CAA /* TaskManagerApp.swift */ = {isa = PBXFileReference; lastKnownFileType = sourcecode.swift; path = TaskManagerApp.swift; sourceTree = "<group>"; };
		5130F16E2C1D637D00AB3CAA /* Assets.xcassets */ = {isa = PBXFileReference; lastKnownFileType = folder.assetcatalog; path = Assets.xcassets; sourceTree = "<group>"; };
		5130F1712C1D637D00AB3CAA /* Preview Assets.xcassets */ = {isa = PBXFileReference; lastKnownFileType = folder.assetcatalog; path = "Preview Assets.xcassets"; sourceTree = "<group>"; };
		5130F1782C1D639400AB3CAA /* Task.swift */ = {isa = PBXFileReference; lastKnownFileType = sourcecode.swift; path = Task.swift; sourceTree = "<group>"; };
		5130F17F2C1D658A00AB3CAA /* DateExtension.swift */ = {isa = PBXFileReference; lastKnownFileType = sourcecode.swift; path = DateExtension.swift; sourceTree = "<group>"; };
		5130F1822C1D65B100AB3CAA /* ViewExtension.swift */ = {isa = PBXFileReference; lastKnownFileType = sourcecode.swift; path = ViewExtension.swift; sourceTree = "<group>"; };
		5130F1842C1D669900AB3CAA /* CalendarView.swift */ = {isa = PBXFileReference; lastKnownFileType = sourcecode.swift; path = CalendarView.swift; sourceTree = "<group>"; };
		5130F1862C1D696000AB3CAA /* WeekDay.swift */ = {isa = PBXFileReference; lastKnownFileType = sourcecode.swift; path = WeekDay.swift; sourceTree = "<group>"; };
		5130F1892C1D6C9600AB3CAA /* WeekView.swift */ = {isa = PBXFileReference; lastKnownFileType = sourcecode.swift; path = WeekView.swift; sourceTree = "<group>"; };
		5130F18B2C1D809F00AB3CAA /* ArrayExtension.swift */ = {isa = PBXFileReference; lastKnownFileType = sourcecode.swift; path = ArrayExtension.swift; sourceTree = "<group>"; };
		5130F18D2C1DBD3800AB3CAA /* TaskView.swift */ = {isa = PBXFileReference; lastKnownFileType = sourcecode.swift; path = TaskView.swift; sourceTree = "<group>"; };
		5130F18F2C1EB4D400AB3CAA /* TaskItem.swift */ = {isa = PBXFileReference; lastKnownFileType = sourcecode.swift; path = TaskItem.swift; sourceTree = "<group>"; };
		5130F1912C1EC6EC00AB3CAA /* NewTaskView.swift */ = {isa = PBXFileReference; lastKnownFileType = sourcecode.swift; path = NewTaskView.swift; sourceTree = "<group>"; };
/* End PBXFileReference section */

/* Begin PBXFrameworksBuildPhase section */
		5130F1642C1D637C00AB3CAA /* Frameworks */ = {
			isa = PBXFrameworksBuildPhase;
			buildActionMask = 2147483647;
			files = (
			);
			runOnlyForDeploymentPostprocessing = 0;
		};
/* End PBXFrameworksBuildPhase section */

/* Begin PBXGroup section */
		5130F15E2C1D637C00AB3CAA = {
			isa = PBXGroup;
			children = (
				5130F1692C1D637C00AB3CAA /* TaskManager */,
				5130F1682C1D637C00AB3CAA /* Products */,
			);
			sourceTree = "<group>";
		};
		5130F1682C1D637C00AB3CAA /* Products */ = {
			isa = PBXGroup;
			children = (
				5130F1672C1D637C00AB3CAA /* TaskManager.app */,
			);
			name = Products;
			sourceTree = "<group>";
		};
		5130F1692C1D637C00AB3CAA /* TaskManager */ = {
			isa = PBXGroup;
			children = (
				5130F17A2C1D653400AB3CAA /* App */,
				5130F17B2C1D653A00AB3CAA /* Assets */,
				5130F17E2C1D655700AB3CAA /* Models */,
				5130F17D2C1D655200AB3CAA /* Views */,
				5130F17C2C1D653F00AB3CAA /* Extensions */,
				5130F1702C1D637D00AB3CAA /* Preview Content */,
			);
			path = TaskManager;
			sourceTree = "<group>";
		};
		5130F1702C1D637D00AB3CAA /* Preview Content */ = {
			isa = PBXGroup;
			children = (
				5130F1712C1D637D00AB3CAA /* Preview Assets.xcassets */,
			);
			path = "Preview Content";
			sourceTree = "<group>";
		};
		5130F17A2C1D653400AB3CAA /* App */ = {
			isa = PBXGroup;
			children = (
				5130F16A2C1D637C00AB3CAA /* TaskManagerApp.swift */,
			);
			path = App;
			sourceTree = "<group>";
		};
		5130F17B2C1D653A00AB3CAA /* Assets */ = {
			isa = PBXGroup;
			children = (
				5130F16E2C1D637D00AB3CAA /* Assets.xcassets */,
			);
			path = Assets;
			sourceTree = "<group>";
		};
		5130F17C2C1D653F00AB3CAA /* Extensions */ = {
			isa = PBXGroup;
			children = (
				5130F17F2C1D658A00AB3CAA /* DateExtension.swift */,
				5130F1822C1D65B100AB3CAA /* ViewExtension.swift */,
				5130F18B2C1D809F00AB3CAA /* ArrayExtension.swift */,
			);
			path = Extensions;
			sourceTree = "<group>";
		};
		5130F17D2C1D655200AB3CAA /* Views */ = {
			isa = PBXGroup;
			children = (
				5130F1842C1D669900AB3CAA /* CalendarView.swift */,
				5130F1892C1D6C9600AB3CAA /* WeekView.swift */,
				5130F18D2C1DBD3800AB3CAA /* TaskView.swift */,
				5130F18F2C1EB4D400AB3CAA /* TaskItem.swift */,
				5130F1912C1EC6EC00AB3CAA /* NewTaskView.swift */,
			);
			path = Views;
			sourceTree = "<group>";
		};
		5130F17E2C1D655700AB3CAA /* Models */ = {
			isa = PBXGroup;
			children = (
				5130F1782C1D639400AB3CAA /* Task.swift */,
				5130F1862C1D696000AB3CAA /* WeekDay.swift */,
			);
			path = Models;
			sourceTree = "<group>";
		};
/* End PBXGroup section */

/* Begin PBXNativeTarget section */
		5130F1662C1D637C00AB3CAA /* TaskManager */ = {
			isa = PBXNativeTarget;
			buildConfigurationList = 5130F1752C1D637D00AB3CAA /* Build configuration list for PBXNativeTarget "TaskManager" */;
			buildPhases = (
				5130F1632C1D637C00AB3CAA /* Sources */,
				5130F1642C1D637C00AB3CAA /* Frameworks */,
				5130F1652C1D637C00AB3CAA /* Resources */,
			);
			buildRules = (
			);
			dependencies = (
			);
			name = TaskManager;
			productName = TaskManager;
			productReference = 5130F1672C1D637C00AB3CAA /* TaskManager.app */;
			productType = "com.apple.product-type.application";
		};
/* End PBXNativeTarget section */

/* Begin PBXProject section */
		5130F15F2C1D637C00AB3CAA /* Project object */ = {
			isa = PBXProject;
			attributes = {
				BuildIndependentTargetsInParallel = 1;
				LastSwiftUpdateCheck = 1540;
				LastUpgradeCheck = 1540;
				TargetAttributes = {
					5130F1662C1D637C00AB3CAA = {
						CreatedOnToolsVersion = 15.4;
					};
				};
			};
			buildConfigurationList = 5130F1622C1D637C00AB3CAA /* Build configuration list for PBXProject "TaskManager" */;
			compatibilityVersion = "Xcode 14.0";
			developmentRegion = en;
			hasScannedForEncodings = 0;
			knownRegions = (
				en,
				Base,
			);
			mainGroup = 5130F15E2C1D637C00AB3CAA;
			productRefGroup = 5130F1682C1D637C00AB3CAA /* Products */;
			projectDirPath = "";
			projectRoot = "";
			targets = (
				5130F1662C1D637C00AB3CAA /* TaskManager */,
			);
		};
/* End PBXProject section */

/* Begin PBXResourcesBuildPhase section */
		5130F1652C1D637C00AB3CAA /* Resources */ = {
			isa = PBXResourcesBuildPhase;
			buildActionMask = 2147483647;
			files = (
				5130F1722C1D637D00AB3CAA /* Preview Assets.xcassets in Resources */,
				5130F16F2C1D637D00AB3CAA /* Assets.xcassets in Resources */,
			);
			runOnlyForDeploymentPostprocessing = 0;
		};
/* End PBXResourcesBuildPhase section */

/* Begin PBXSourcesBuildPhase section */
		5130F1632C1D637C00AB3CAA /* Sources */ = {
			isa = PBXSourcesBuildPhase;
			buildActionMask = 2147483647;
			files = (
				5130F1922C1EC6EC00AB3CAA /* NewTaskView.swift in Sources */,
				5130F18E2C1DBD3800AB3CAA /* TaskView.swift in Sources */,
				5130F1902C1EB4D400AB3CAA /* TaskItem.swift in Sources */,
				5130F1872C1D696000AB3CAA /* WeekDay.swift in Sources */,
				5130F1802C1D658A00AB3CAA /* DateExtension.swift in Sources */,
				5130F1792C1D639400AB3CAA /* Task.swift in Sources */,
				5130F18C2C1D809F00AB3CAA /* ArrayExtension.swift in Sources */,
				5130F18A2C1D6C9600AB3CAA /* WeekView.swift in Sources */,
				5130F1852C1D669900AB3CAA /* CalendarView.swift in Sources */,
				5130F16B2C1D637C00AB3CAA /* TaskManagerApp.swift in Sources */,
				5130F1832C1D65B100AB3CAA /* ViewExtension.swift in Sources */,
			);
			runOnlyForDeploymentPostprocessing = 0;
		};
/* End PBXSourcesBuildPhase section */

/* Begin XCBuildConfiguration section */
		5130F1732C1D637D00AB3CAA /* Debug */ = {
			isa = XCBuildConfiguration;
			buildSettings = {
				ALWAYS_SEARCH_USER_PATHS = NO;
				ASSETCATALOG_COMPILER_GENERATE_SWIFT_ASSET_SYMBOL_EXTENSIONS = YES;
				CLANG_ANALYZER_NONNULL = YES;
				CLANG_ANALYZER_NUMBER_OBJECT_CONVERSION = YES_AGGRESSIVE;
				CLANG_CXX_LANGUAGE_STANDARD = "gnu++20";
				CLANG_ENABLE_MODULES = YES;
				CLANG_ENABLE_OBJC_ARC = YES;
				CLANG_ENABLE_OBJC_WEAK = YES;
				CLANG_WARN_BLOCK_CAPTURE_AUTORELEASING = YES;
				CLANG_WARN_BOOL_CONVERSION = YES;
				CLANG_WARN_COMMA = YES;
				CLANG_WARN_CONSTANT_CONVERSION = YES;
				CLANG_WARN_DEPRECATED_OBJC_IMPLEMENTATIONS = YES;
				CLANG_WARN_DIRECT_OBJC_ISA_USAGE = YES_ERROR;
				CLANG_WARN_DOCUMENTATION_COMMENTS = YES;
				CLANG_WARN_EMPTY_BODY = YES;
				CLANG_WARN_ENUM_CONVERSION = YES;
				CLANG_WARN_INFINITE_RECURSION = YES;
				CLANG_WARN_INT_CONVERSION = YES;
				CLANG_WARN_NON_LITERAL_NULL_CONVERSION = YES;
				CLANG_WARN_OBJC_IMPLICIT_RETAIN_SELF = YES;
				CLANG_WARN_OBJC_LITERAL_CONVERSION = YES;
				CLANG_WARN_OBJC_ROOT_CLASS = YES_ERROR;
				CLANG_WARN_QUOTED_INCLUDE_IN_FRAMEWORK_HEADER = YES;
				CLANG_WARN_RANGE_LOOP_ANALYSIS = YES;
				CLANG_WARN_STRICT_PROTOTYPES = YES;
				CLANG_WARN_SUSPICIOUS_MOVE = YES;
				CLANG_WARN_UNGUARDED_AVAILABILITY = YES_AGGRESSIVE;
				CLANG_WARN_UNREACHABLE_CODE = YES;
				CLANG_WARN__DUPLICATE_METHOD_MATCH = YES;
				COPY_PHASE_STRIP = NO;
				DEBUG_INFORMATION_FORMAT = dwarf;
				ENABLE_STRICT_OBJC_MSGSEND = YES;
				ENABLE_TESTABILITY = YES;
				ENABLE_USER_SCRIPT_SANDBOXING = YES;
				GCC_C_LANGUAGE_STANDARD = gnu17;
				GCC_DYNAMIC_NO_PIC = NO;
				GCC_NO_COMMON_BLOCKS = YES;
				GCC_OPTIMIZATION_LEVEL = 0;
				GCC_PREPROCESSOR_DEFINITIONS = (
					"DEBUG=1",
					"$(inherited)",
				);
				GCC_WARN_64_TO_32_BIT_CONVERSION = YES;
				GCC_WARN_ABOUT_RETURN_TYPE = YES_ERROR;
				GCC_WARN_UNDECLARED_SELECTOR = YES;
				GCC_WARN_UNINITIALIZED_AUTOS = YES_AGGRESSIVE;
				GCC_WARN_UNUSED_FUNCTION = YES;
				GCC_WARN_UNUSED_VARIABLE = YES;
				IPHONEOS_DEPLOYMENT_TARGET = 17.5;
				LOCALIZATION_PREFERS_STRING_CATALOGS = YES;
				MTL_ENABLE_DEBUG_INFO = INCLUDE_SOURCE;
				MTL_FAST_MATH = YES;
				ONLY_ACTIVE_ARCH = YES;
				SDKROOT = iphoneos;
				SWIFT_ACTIVE_COMPILATION_CONDITIONS = "DEBUG $(inherited)";
				SWIFT_OPTIMIZATION_LEVEL = "-Onone";
			};
			name = Debug;
		};
		5130F1742C1D637D00AB3CAA /* Release */ = {
			isa = XCBuildConfiguration;
			buildSettings = {
				ALWAYS_SEARCH_USER_PATHS = NO;
				ASSETCATALOG_COMPILER_GENERATE_SWIFT_ASSET_SYMBOL_EXTENSIONS = YES;
				CLANG_ANALYZER_NONNULL = YES;
				CLANG_ANALYZER_NUMBER_OBJECT_CONVERSION = YES_AGGRESSIVE;
				CLANG_CXX_LANGUAGE_STANDARD = "gnu++20";
				CLANG_ENABLE_MODULES = YES;
				CLANG_ENABLE_OBJC_ARC = YES;
				CLANG_ENABLE_OBJC_WEAK = YES;
				CLANG_WARN_BLOCK_CAPTURE_AUTORELEASING = YES;
				CLANG_WARN_BOOL_CONVERSION = YES;
				CLANG_WARN_COMMA = YES;
				CLANG_WARN_CONSTANT_CONVERSION = YES;
				CLANG_WARN_DEPRECATED_OBJC_IMPLEMENTATIONS = YES;
				CLANG_WARN_DIRECT_OBJC_ISA_USAGE = YES_ERROR;
				CLANG_WARN_DOCUMENTATION_COMMENTS = YES;
				CLANG_WARN_EMPTY_BODY = YES;
				CLANG_WARN_ENUM_CONVERSION = YES;
				CLANG_WARN_INFINITE_RECURSION = YES;
				CLANG_WARN_INT_CONVERSION = YES;
				CLANG_WARN_NON_LITERAL_NULL_CONVERSION = YES;
				CLANG_WARN_OBJC_IMPLICIT_RETAIN_SELF = YES;
				CLANG_WARN_OBJC_LITERAL_CONVERSION = YES;
				CLANG_WARN_OBJC_ROOT_CLASS = YES_ERROR;
				CLANG_WARN_QUOTED_INCLUDE_IN_FRAMEWORK_HEADER = YES;
				CLANG_WARN_RANGE_LOOP_ANALYSIS = YES;
				CLANG_WARN_STRICT_PROTOTYPES = YES;
				CLANG_WARN_SUSPICIOUS_MOVE = YES;
				CLANG_WARN_UNGUARDED_AVAILABILITY = YES_AGGRESSIVE;
				CLANG_WARN_UNREACHABLE_CODE = YES;
				CLANG_WARN__DUPLICATE_METHOD_MATCH = YES;
				COPY_PHASE_STRIP = NO;
				DEBUG_INFORMATION_FORMAT = "dwarf-with-dsym";
				ENABLE_NS_ASSERTIONS = NO;
				ENABLE_STRICT_OBJC_MSGSEND = YES;
				ENABLE_USER_SCRIPT_SANDBOXING = YES;
				GCC_C_LANGUAGE_STANDARD = gnu17;
				GCC_NO_COMMON_BLOCKS = YES;
				GCC_WARN_64_TO_32_BIT_CONVERSION = YES;
				GCC_WARN_ABOUT_RETURN_TYPE = YES_ERROR;
				GCC_WARN_UNDECLARED_SELECTOR = YES;
				GCC_WARN_UNINITIALIZED_AUTOS = YES_AGGRESSIVE;
				GCC_WARN_UNUSED_FUNCTION = YES;
				GCC_WARN_UNUSED_VARIABLE = YES;
				IPHONEOS_DEPLOYMENT_TARGET = 17.5;
				LOCALIZATION_PREFERS_STRING_CATALOGS = YES;
				MTL_ENABLE_DEBUG_INFO = NO;
				MTL_FAST_MATH = YES;
				SDKROOT = iphoneos;
				SWIFT_COMPILATION_MODE = wholemodule;
				VALIDATE_PRODUCT = YES;
			};
			name = Release;
		};
		5130F1762C1D637D00AB3CAA /* Debug */ = {
			isa = XCBuildConfiguration;
			buildSettings = {
				ASSETCATALOG_COMPILER_APPICON_NAME = AppIcon;
				ASSETCATALOG_COMPILER_GLOBAL_ACCENT_COLOR_NAME = AccentColor;
				CODE_SIGN_STYLE = Automatic;
				CURRENT_PROJECT_VERSION = 1;
				DEVELOPMENT_ASSET_PATHS = "\"TaskManager/Preview Content\"";
				DEVELOPMENT_TEAM = LL58DR37V3;
				ENABLE_PREVIEWS = YES;
				GENERATE_INFOPLIST_FILE = YES;
				INFOPLIST_KEY_UIApplicationSceneManifest_Generation = YES;
				INFOPLIST_KEY_UIApplicationSupportsIndirectInputEvents = YES;
				INFOPLIST_KEY_UILaunchScreen_Generation = YES;
				INFOPLIST_KEY_UISupportedInterfaceOrientations_iPad = "UIInterfaceOrientationPortrait UIInterfaceOrientationPortraitUpsideDown UIInterfaceOrientationLandscapeLeft UIInterfaceOrientationLandscapeRight";
				INFOPLIST_KEY_UISupportedInterfaceOrientations_iPhone = "UIInterfaceOrientationPortrait UIInterfaceOrientationLandscapeLeft UIInterfaceOrientationLandscapeRight";
				LD_RUNPATH_SEARCH_PATHS = (
					"$(inherited)",
					"@executable_path/Frameworks",
				);
				MARKETING_VERSION = 1.0;
				PRODUCT_BUNDLE_IDENTIFIER = com.shukla.TaskManager;
				PRODUCT_NAME = "$(TARGET_NAME)";
				SWIFT_EMIT_LOC_STRINGS = YES;
				SWIFT_VERSION = 5.0;
				TARGETED_DEVICE_FAMILY = "1,2";
			};
			name = Debug;
		};
		5130F1772C1D637D00AB3CAA /* Release */ = {
			isa = XCBuildConfiguration;
			buildSettings = {
				ASSETCATALOG_COMPILER_APPICON_NAME = AppIcon;
				ASSETCATALOG_COMPILER_GLOBAL_ACCENT_COLOR_NAME = AccentColor;
				CODE_SIGN_STYLE = Automatic;
				CURRENT_PROJECT_VERSION = 1;
				DEVELOPMENT_ASSET_PATHS = "\"TaskManager/Preview Content\"";
				DEVELOPMENT_TEAM = LL58DR37V3;
				ENABLE_PREVIEWS = YES;
				GENERATE_INFOPLIST_FILE = YES;
				INFOPLIST_KEY_UIApplicationSceneManifest_Generation = YES;
				INFOPLIST_KEY_UIApplicationSupportsIndirectInputEvents = YES;
				INFOPLIST_KEY_UILaunchScreen_Generation = YES;
				INFOPLIST_KEY_UISupportedInterfaceOrientations_iPad = "UIInterfaceOrientationPortrait UIInterfaceOrientationPortraitUpsideDown UIInterfaceOrientationLandscapeLeft UIInterfaceOrientationLandscapeRight";
				INFOPLIST_KEY_UISupportedInterfaceOrientations_iPhone = "UIInterfaceOrientationPortrait UIInterfaceOrientationLandscapeLeft UIInterfaceOrientationLandscapeRight";
				LD_RUNPATH_SEARCH_PATHS = (
					"$(inherited)",
					"@executable_path/Frameworks",
				);
				MARKETING_VERSION = 1.0;
				PRODUCT_BUNDLE_IDENTIFIER = com.shukla.TaskManager;
				PRODUCT_NAME = "$(TARGET_NAME)";
				SWIFT_EMIT_LOC_STRINGS = YES;
				SWIFT_VERSION = 5.0;
				TARGETED_DEVICE_FAMILY = "1,2";
			};
			name = Release;
		};
/* End XCBuildConfiguration section */

/* Begin XCConfigurationList section */
		5130F1622C1D637C00AB3CAA /* Build configuration list for PBXProject "TaskManager" */ = {
			isa = XCConfigurationList;
			buildConfigurations = (
				5130F1732C1D637D00AB3CAA /* Debug */,
				5130F1742C1D637D00AB3CAA /* Release */,
			);
			defaultConfigurationIsVisible = 0;
			defaultConfigurationName = Release;
		};
		5130F1752C1D637D00AB3CAA /* Build configuration list for PBXNativeTarget "TaskManager" */ = {
			isa = XCConfigurationList;
			buildConfigurations = (
				5130F1762C1D637D00AB3CAA /* Debug */,
				5130F1772C1D637D00AB3CAA /* Release */,
			);
			defaultConfigurationIsVisible = 0;
			defaultConfigurationName = Release;
		};
/* End XCConfigurationList section */
	};
	rootObject = 5130F15F2C1D637C00AB3CAA /* Project object */;
}
