// !$*UTF8*$!
{
	archiveVersion = 1;
	classes = {
	};
	objectVersion = 56;
	objects = {

/* Begin PBXBuildFile section */
		5165241F2C05A60A006C9FEC /* SwiftUIKundliApp.swift in Sources */ = {isa = PBXBuildFile; fileRef = 5165241E2C05A60A006C9FEC /* SwiftUIKundliApp.swift */; };
		516524212C05A60A006C9FEC /* ContentView.swift in Sources */ = {isa = PBXBuildFile; fileRef = 516524202C05A60A006C9FEC /* ContentView.swift */; };
		516524232C05A60A006C9FEC /* Item.swift in Sources */ = {isa = PBXBuildFile; fileRef = 516524222C05A60A006C9FEC /* Item.swift */; };
		516524252C05A60B006C9FEC /* Assets.xcassets in Resources */ = {isa = PBXBuildFile; fileRef = 516524242C05A60B006C9FEC /* Assets.xcassets */; };
		516524282C05A60B006C9FEC /* Preview Assets.xcassets in Resources */ = {isa = PBXBuildFile; fileRef = 516524272C05A60B006C9FEC /* Preview Assets.xcassets */; };
		516524322C05A60B006C9FEC /* SwiftUIKundliTests.swift in Sources */ = {isa = PBXBuildFile; fileRef = 516524312C05A60B006C9FEC /* SwiftUIKundliTests.swift */; };
		5165243C2C05A60B006C9FEC /* SwiftUIKundliUITests.swift in Sources */ = {isa = PBXBuildFile; fileRef = 5165243B2C05A60B006C9FEC /* SwiftUIKundliUITests.swift */; };
		5165243E2C05A60B006C9FEC /* SwiftUIKundliUITestsLaunchTests.swift in Sources */ = {isa = PBXBuildFile; fileRef = 5165243D2C05A60B006C9FEC /* SwiftUIKundliUITestsLaunchTests.swift */; };
		5165244C2C05A62D006C9FEC /* KundliView.swift in Sources */ = {isa = PBXBuildFile; fileRef = 5165244B2C05A62D006C9FEC /* KundliView.swift */; };
		5165244F2C05A67B006C9FEC /* Planet.swift in Sources */ = {isa = PBXBuildFile; fileRef = 5165244E2C05A67B006C9FEC /* Planet.swift */; };
		516524522C05A6B1006C9FEC /* KundliHouse.swift in Sources */ = {isa = PBXBuildFile; fileRef = 516524512C05A6B1006C9FEC /* KundliHouse.swift */; };
		516524562C05A94E006C9FEC /* Kundli.swift in Sources */ = {isa = PBXBuildFile; fileRef = 516524552C05A94E006C9FEC /* Kundli.swift */; };
/* End PBXBuildFile section */

/* Begin PBXContainerItemProxy section */
		5165242E2C05A60B006C9FEC /* PBXContainerItemProxy */ = {
			isa = PBXContainerItemProxy;
			containerPortal = 516524132C05A60A006C9FEC /* Project object */;
			proxyType = 1;
			remoteGlobalIDString = 5165241A2C05A60A006C9FEC;
			remoteInfo = SwiftUIKundli;
		};
		516524382C05A60B006C9FEC /* PBXContainerItemProxy */ = {
			isa = PBXContainerItemProxy;
			containerPortal = 516524132C05A60A006C9FEC /* Project object */;
			proxyType = 1;
			remoteGlobalIDString = 5165241A2C05A60A006C9FEC;
			remoteInfo = SwiftUIKundli;
		};
/* End PBXContainerItemProxy section */

/* Begin PBXFileReference section */
		5165241B2C05A60A006C9FEC /* SwiftUIKundli.app */ = {isa = PBXFileReference; explicitFileType = wrapper.application; includeInIndex = 0; path = SwiftUIKundli.app; sourceTree = BUILT_PRODUCTS_DIR; };
		5165241E2C05A60A006C9FEC /* SwiftUIKundliApp.swift */ = {isa = PBXFileReference; lastKnownFileType = sourcecode.swift; path = SwiftUIKundliApp.swift; sourceTree = "<group>"; };
		516524202C05A60A006C9FEC /* ContentView.swift */ = {isa = PBXFileReference; lastKnownFileType = sourcecode.swift; path = ContentView.swift; sourceTree = "<group>"; };
		516524222C05A60A006C9FEC /* Item.swift */ = {isa = PBXFileReference; lastKnownFileType = sourcecode.swift; path = Item.swift; sourceTree = "<group>"; };
		516524242C05A60B006C9FEC /* Assets.xcassets */ = {isa = PBXFileReference; lastKnownFileType = folder.assetcatalog; path = Assets.xcassets; sourceTree = "<group>"; };
		516524272C05A60B006C9FEC /* Preview Assets.xcassets */ = {isa = PBXFileReference; lastKnownFileType = folder.assetcatalog; path = "Preview Assets.xcassets"; sourceTree = "<group>"; };
		5165242D2C05A60B006C9FEC /* SwiftUIKundliTests.xctest */ = {isa = PBXFileReference; explicitFileType = wrapper.cfbundle; includeInIndex = 0; path = SwiftUIKundliTests.xctest; sourceTree = BUILT_PRODUCTS_DIR; };
		516524312C05A60B006C9FEC /* SwiftUIKundliTests.swift */ = {isa = PBXFileReference; lastKnownFileType = sourcecode.swift; path = SwiftUIKundliTests.swift; sourceTree = "<group>"; };
		516524372C05A60B006C9FEC /* SwiftUIKundliUITests.xctest */ = {isa = PBXFileReference; explicitFileType = wrapper.cfbundle; includeInIndex = 0; path = SwiftUIKundliUITests.xctest; sourceTree = BUILT_PRODUCTS_DIR; };
		5165243B2C05A60B006C9FEC /* SwiftUIKundliUITests.swift */ = {isa = PBXFileReference; lastKnownFileType = sourcecode.swift; path = SwiftUIKundliUITests.swift; sourceTree = "<group>"; };
		5165243D2C05A60B006C9FEC /* SwiftUIKundliUITestsLaunchTests.swift */ = {isa = PBXFileReference; lastKnownFileType = sourcecode.swift; path = SwiftUIKundliUITestsLaunchTests.swift; sourceTree = "<group>"; };
		5165244B2C05A62D006C9FEC /* KundliView.swift */ = {isa = PBXFileReference; lastKnownFileType = sourcecode.swift; path = KundliView.swift; sourceTree = "<group>"; };
		5165244E2C05A67B006C9FEC /* Planet.swift */ = {isa = PBXFileReference; lastKnownFileType = sourcecode.swift; path = Planet.swift; sourceTree = "<group>"; };
		516524512C05A6B1006C9FEC /* KundliHouse.swift */ = {isa = PBXFileReference; lastKnownFileType = sourcecode.swift; path = KundliHouse.swift; sourceTree = "<group>"; };
		516524552C05A94E006C9FEC /* Kundli.swift */ = {isa = PBXFileReference; lastKnownFileType = sourcecode.swift; path = Kundli.swift; sourceTree = "<group>"; };
/* End PBXFileReference section */

/* Begin PBXFrameworksBuildPhase section */
		516524182C05A60A006C9FEC /* Frameworks */ = {
			isa = PBXFrameworksBuildPhase;
			buildActionMask = 2147483647;
			files = (
			);
			runOnlyForDeploymentPostprocessing = 0;
		};
		5165242A2C05A60B006C9FEC /* Frameworks */ = {
			isa = PBXFrameworksBuildPhase;
			buildActionMask = 2147483647;
			files = (
			);
			runOnlyForDeploymentPostprocessing = 0;
		};
		516524342C05A60B006C9FEC /* Frameworks */ = {
			isa = PBXFrameworksBuildPhase;
			buildActionMask = 2147483647;
			files = (
			);
			runOnlyForDeploymentPostprocessing = 0;
		};
/* End PBXFrameworksBuildPhase section */

/* Begin PBXGroup section */
		516524122C05A60A006C9FEC = {
			isa = PBXGroup;
			children = (
				5165241D2C05A60A006C9FEC /* SwiftUIKundli */,
				516524302C05A60B006C9FEC /* SwiftUIKundliTests */,
				5165243A2C05A60B006C9FEC /* SwiftUIKundliUITests */,
				5165241C2C05A60A006C9FEC /* Products */,
			);
			sourceTree = "<group>";
		};
		5165241C2C05A60A006C9FEC /* Products */ = {
			isa = PBXGroup;
			children = (
				5165241B2C05A60A006C9FEC /* SwiftUIKundli.app */,
				5165242D2C05A60B006C9FEC /* SwiftUIKundliTests.xctest */,
				516524372C05A60B006C9FEC /* SwiftUIKundliUITests.xctest */,
			);
			name = Products;
			sourceTree = "<group>";
		};
		5165241D2C05A60A006C9FEC /* SwiftUIKundli */ = {
			isa = PBXGroup;
			children = (
				5165244D2C05A659006C9FEC /* Models */,
				5165244A2C05A61B006C9FEC /* Views */,
				5165241E2C05A60A006C9FEC /* SwiftUIKundliApp.swift */,
				516524202C05A60A006C9FEC /* ContentView.swift */,
				516524222C05A60A006C9FEC /* Item.swift */,
				516524242C05A60B006C9FEC /* Assets.xcassets */,
				516524262C05A60B006C9FEC /* Preview Content */,
			);
			path = SwiftUIKundli;
			sourceTree = "<group>";
		};
		516524262C05A60B006C9FEC /* Preview Content */ = {
			isa = PBXGroup;
			children = (
				516524272C05A60B006C9FEC /* Preview Assets.xcassets */,
			);
			path = "Preview Content";
			sourceTree = "<group>";
		};
		516524302C05A60B006C9FEC /* SwiftUIKundliTests */ = {
			isa = PBXGroup;
			children = (
				516524312C05A60B006C9FEC /* SwiftUIKundliTests.swift */,
			);
			path = SwiftUIKundliTests;
			sourceTree = "<group>";
		};
		5165243A2C05A60B006C9FEC /* SwiftUIKundliUITests */ = {
			isa = PBXGroup;
			children = (
				5165243B2C05A60B006C9FEC /* SwiftUIKundliUITests.swift */,
				5165243D2C05A60B006C9FEC /* SwiftUIKundliUITestsLaunchTests.swift */,
			);
			path = SwiftUIKundliUITests;
			sourceTree = "<group>";
		};
		5165244A2C05A61B006C9FEC /* Views */ = {
			isa = PBXGroup;
			children = (
				516524532C05A930006C9FEC /* Reusable */,
				5165244B2C05A62D006C9FEC /* KundliView.swift */,
			);
			path = Views;
			sourceTree = "<group>";
		};
		5165244D2C05A659006C9FEC /* Models */ = {
			isa = PBXGroup;
			children = (
				5165244E2C05A67B006C9FEC /* Planet.swift */,
				516524512C05A6B1006C9FEC /* KundliHouse.swift */,
			);
			path = Models;
			sourceTree = "<group>";
		};
		516524532C05A930006C9FEC /* Reusable */ = {
			isa = PBXGroup;
			children = (
				516524552C05A94E006C9FEC /* Kundli.swift */,
			);
			path = Reusable;
			sourceTree = "<group>";
		};
/* End PBXGroup section */

/* Begin PBXNativeTarget section */
		5165241A2C05A60A006C9FEC /* SwiftUIKundli */ = {
			isa = PBXNativeTarget;
			buildConfigurationList = 516524412C05A60B006C9FEC /* Build configuration list for PBXNativeTarget "SwiftUIKundli" */;
			buildPhases = (
				516524172C05A60A006C9FEC /* Sources */,
				516524182C05A60A006C9FEC /* Frameworks */,
				516524192C05A60A006C9FEC /* Resources */,
			);
			buildRules = (
			);
			dependencies = (
			);
			name = SwiftUIKundli;
			productName = SwiftUIKundli;
			productReference = 5165241B2C05A60A006C9FEC /* SwiftUIKundli.app */;
			productType = "com.apple.product-type.application";
		};
		5165242C2C05A60B006C9FEC /* SwiftUIKundliTests */ = {
			isa = PBXNativeTarget;
			buildConfigurationList = 516524442C05A60B006C9FEC /* Build configuration list for PBXNativeTarget "SwiftUIKundliTests" */;
			buildPhases = (
				516524292C05A60B006C9FEC /* Sources */,
				5165242A2C05A60B006C9FEC /* Frameworks */,
				5165242B2C05A60B006C9FEC /* Resources */,
			);
			buildRules = (
			);
			dependencies = (
				5165242F2C05A60B006C9FEC /* PBXTargetDependency */,
			);
			name = SwiftUIKundliTests;
			productName = SwiftUIKundliTests;
			productReference = 5165242D2C05A60B006C9FEC /* SwiftUIKundliTests.xctest */;
			productType = "com.apple.product-type.bundle.unit-test";
		};
		516524362C05A60B006C9FEC /* SwiftUIKundliUITests */ = {
			isa = PBXNativeTarget;
			buildConfigurationList = 516524472C05A60B006C9FEC /* Build configuration list for PBXNativeTarget "SwiftUIKundliUITests" */;
			buildPhases = (
				516524332C05A60B006C9FEC /* Sources */,
				516524342C05A60B006C9FEC /* Frameworks */,
				516524352C05A60B006C9FEC /* Resources */,
			);
			buildRules = (
			);
			dependencies = (
				516524392C05A60B006C9FEC /* PBXTargetDependency */,
			);
			name = SwiftUIKundliUITests;
			productName = SwiftUIKundliUITests;
			productReference = 516524372C05A60B006C9FEC /* SwiftUIKundliUITests.xctest */;
			productType = "com.apple.product-type.bundle.ui-testing";
		};
/* End PBXNativeTarget section */

/* Begin PBXProject section */
		516524132C05A60A006C9FEC /* Project object */ = {
			isa = PBXProject;
			attributes = {
				BuildIndependentTargetsInParallel = 1;
				LastSwiftUpdateCheck = 1540;
				LastUpgradeCheck = 1540;
				TargetAttributes = {
					5165241A2C05A60A006C9FEC = {
						CreatedOnToolsVersion = 15.4;
					};
					5165242C2C05A60B006C9FEC = {
						CreatedOnToolsVersion = 15.4;
						TestTargetID = 5165241A2C05A60A006C9FEC;
					};
					516524362C05A60B006C9FEC = {
						CreatedOnToolsVersion = 15.4;
						TestTargetID = 5165241A2C05A60A006C9FEC;
					};
				};
			};
			buildConfigurationList = 516524162C05A60A006C9FEC /* Build configuration list for PBXProject "SwiftUIKundli" */;
			compatibilityVersion = "Xcode 14.0";
			developmentRegion = en;
			hasScannedForEncodings = 0;
			knownRegions = (
				en,
				Base,
			);
			mainGroup = 516524122C05A60A006C9FEC;
			productRefGroup = 5165241C2C05A60A006C9FEC /* Products */;
			projectDirPath = "";
			projectRoot = "";
			targets = (
				5165241A2C05A60A006C9FEC /* SwiftUIKundli */,
				5165242C2C05A60B006C9FEC /* SwiftUIKundliTests */,
				516524362C05A60B006C9FEC /* SwiftUIKundliUITests */,
			);
		};
/* End PBXProject section */

/* Begin PBXResourcesBuildPhase section */
		516524192C05A60A006C9FEC /* Resources */ = {
			isa = PBXResourcesBuildPhase;
			buildActionMask = 2147483647;
			files = (
				516524282C05A60B006C9FEC /* Preview Assets.xcassets in Resources */,
				516524252C05A60B006C9FEC /* Assets.xcassets in Resources */,
			);
			runOnlyForDeploymentPostprocessing = 0;
		};
		5165242B2C05A60B006C9FEC /* Resources */ = {
			isa = PBXResourcesBuildPhase;
			buildActionMask = 2147483647;
			files = (
			);
			runOnlyForDeploymentPostprocessing = 0;
		};
		516524352C05A60B006C9FEC /* Resources */ = {
			isa = PBXResourcesBuildPhase;
			buildActionMask = 2147483647;
			files = (
			);
			runOnlyForDeploymentPostprocessing = 0;
		};
/* End PBXResourcesBuildPhase section */

/* Begin PBXSourcesBuildPhase section */
		516524172C05A60A006C9FEC /* Sources */ = {
			isa = PBXSourcesBuildPhase;
			buildActionMask = 2147483647;
			files = (
				516524212C05A60A006C9FEC /* ContentView.swift in Sources */,
				5165244C2C05A62D006C9FEC /* KundliView.swift in Sources */,
				516524232C05A60A006C9FEC /* Item.swift in Sources */,
				5165241F2C05A60A006C9FEC /* SwiftUIKundliApp.swift in Sources */,
				5165244F2C05A67B006C9FEC /* Planet.swift in Sources */,
				516524522C05A6B1006C9FEC /* KundliHouse.swift in Sources */,
				516524562C05A94E006C9FEC /* Kundli.swift in Sources */,
			);
			runOnlyForDeploymentPostprocessing = 0;
		};
		516524292C05A60B006C9FEC /* Sources */ = {
			isa = PBXSourcesBuildPhase;
			buildActionMask = 2147483647;
			files = (
				516524322C05A60B006C9FEC /* SwiftUIKundliTests.swift in Sources */,
			);
			runOnlyForDeploymentPostprocessing = 0;
		};
		516524332C05A60B006C9FEC /* Sources */ = {
			isa = PBXSourcesBuildPhase;
			buildActionMask = 2147483647;
			files = (
				5165243C2C05A60B006C9FEC /* SwiftUIKundliUITests.swift in Sources */,
				5165243E2C05A60B006C9FEC /* SwiftUIKundliUITestsLaunchTests.swift in Sources */,
			);
			runOnlyForDeploymentPostprocessing = 0;
		};
/* End PBXSourcesBuildPhase section */

/* Begin PBXTargetDependency section */
		5165242F2C05A60B006C9FEC /* PBXTargetDependency */ = {
			isa = PBXTargetDependency;
			target = 5165241A2C05A60A006C9FEC /* SwiftUIKundli */;
			targetProxy = 5165242E2C05A60B006C9FEC /* PBXContainerItemProxy */;
		};
		516524392C05A60B006C9FEC /* PBXTargetDependency */ = {
			isa = PBXTargetDependency;
			target = 5165241A2C05A60A006C9FEC /* SwiftUIKundli */;
			targetProxy = 516524382C05A60B006C9FEC /* PBXContainerItemProxy */;
		};
/* End PBXTargetDependency section */

/* Begin XCBuildConfiguration section */
		5165243F2C05A60B006C9FEC /* Debug */ = {
			isa = XCBuildConfiguration;
			buildSettings = {
				ALWAYS_SEARCH_USER_PATHS = NO;
				ASSETCATALOG_COMPILER_GENERATE_SWIFT_ASSET_SYMBOL_EXTENSIONS = YES;
				CLANG_ANALYZER_NONNULL = YES;
				CLANG_ANALYZER_NUMBER_OBJECT_CONVERSION = YES_AGGRESSIVE;
				CLANG_CXX_LANGUAGE_STANDARD = "gnu++20";
				CLANG_ENABLE_MODULES = YES;
				CLANG_ENABLE_OBJC_ARC = YES;
				CLANG_ENABLE_OBJC_WEAK = YES;
				CLANG_WARN_BLOCK_CAPTURE_AUTORELEASING = YES;
				CLANG_WARN_BOOL_CONVERSION = YES;
				CLANG_WARN_COMMA = YES;
				CLANG_WARN_CONSTANT_CONVERSION = YES;
				CLANG_WARN_DEPRECATED_OBJC_IMPLEMENTATIONS = YES;
				CLANG_WARN_DIRECT_OBJC_ISA_USAGE = YES_ERROR;
				CLANG_WARN_DOCUMENTATION_COMMENTS = YES;
				CLANG_WARN_EMPTY_BODY = YES;
				CLANG_WARN_ENUM_CONVERSION = YES;
				CLANG_WARN_INFINITE_RECURSION = YES;
				CLANG_WARN_INT_CONVERSION = YES;
				CLANG_WARN_NON_LITERAL_NULL_CONVERSION = YES;
				CLANG_WARN_OBJC_IMPLICIT_RETAIN_SELF = YES;
				CLANG_WARN_OBJC_LITERAL_CONVERSION = YES;
				CLANG_WARN_OBJC_ROOT_CLASS = YES_ERROR;
				CLANG_WARN_QUOTED_INCLUDE_IN_FRAMEWORK_HEADER = YES;
				CLANG_WARN_RANGE_LOOP_ANALYSIS = YES;
				CLANG_WARN_STRICT_PROTOTYPES = YES;
				CLANG_WARN_SUSPICIOUS_MOVE = YES;
				CLANG_WARN_UNGUARDED_AVAILABILITY = YES_AGGRESSIVE;
				CLANG_WARN_UNREACHABLE_CODE = YES;
				CLANG_WARN__DUPLICATE_METHOD_MATCH = YES;
				COPY_PHASE_STRIP = NO;
				DEBUG_INFORMATION_FORMAT = dwarf;
				ENABLE_STRICT_OBJC_MSGSEND = YES;
				ENABLE_TESTABILITY = YES;
				ENABLE_USER_SCRIPT_SANDBOXING = YES;
				GCC_C_LANGUAGE_STANDARD = gnu17;
				GCC_DYNAMIC_NO_PIC = NO;
				GCC_NO_COMMON_BLOCKS = YES;
				GCC_OPTIMIZATION_LEVEL = 0;
				GCC_PREPROCESSOR_DEFINITIONS = (
					"DEBUG=1",
					"$(inherited)",
				);
				GCC_WARN_64_TO_32_BIT_CONVERSION = YES;
				GCC_WARN_ABOUT_RETURN_TYPE = YES_ERROR;
				GCC_WARN_UNDECLARED_SELECTOR = YES;
				GCC_WARN_UNINITIALIZED_AUTOS = YES_AGGRESSIVE;
				GCC_WARN_UNUSED_FUNCTION = YES;
				GCC_WARN_UNUSED_VARIABLE = YES;
				IPHONEOS_DEPLOYMENT_TARGET = 17.5;
				LOCALIZATION_PREFERS_STRING_CATALOGS = YES;
				MTL_ENABLE_DEBUG_INFO = INCLUDE_SOURCE;
				MTL_FAST_MATH = YES;
				ONLY_ACTIVE_ARCH = YES;
				SDKROOT = iphoneos;
				SWIFT_ACTIVE_COMPILATION_CONDITIONS = "DEBUG $(inherited)";
				SWIFT_OPTIMIZATION_LEVEL = "-Onone";
			};
			name = Debug;
		};
		516524402C05A60B006C9FEC /* Release */ = {
			isa = XCBuildConfiguration;
			buildSettings = {
				ALWAYS_SEARCH_USER_PATHS = NO;
				ASSETCATALOG_COMPILER_GENERATE_SWIFT_ASSET_SYMBOL_EXTENSIONS = YES;
				CLANG_ANALYZER_NONNULL = YES;
				CLANG_ANALYZER_NUMBER_OBJECT_CONVERSION = YES_AGGRESSIVE;
				CLANG_CXX_LANGUAGE_STANDARD = "gnu++20";
				CLANG_ENABLE_MODULES = YES;
				CLANG_ENABLE_OBJC_ARC = YES;
				CLANG_ENABLE_OBJC_WEAK = YES;
				CLANG_WARN_BLOCK_CAPTURE_AUTORELEASING = YES;
				CLANG_WARN_BOOL_CONVERSION = YES;
				CLANG_WARN_COMMA = YES;
				CLANG_WARN_CONSTANT_CONVERSION = YES;
				CLANG_WARN_DEPRECATED_OBJC_IMPLEMENTATIONS = YES;
				CLANG_WARN_DIRECT_OBJC_ISA_USAGE = YES_ERROR;
				CLANG_WARN_DOCUMENTATION_COMMENTS = YES;
				CLANG_WARN_EMPTY_BODY = YES;
				CLANG_WARN_ENUM_CONVERSION = YES;
				CLANG_WARN_INFINITE_RECURSION = YES;
				CLANG_WARN_INT_CONVERSION = YES;
				CLANG_WARN_NON_LITERAL_NULL_CONVERSION = YES;
				CLANG_WARN_OBJC_IMPLICIT_RETAIN_SELF = YES;
				CLANG_WARN_OBJC_LITERAL_CONVERSION = YES;
				CLANG_WARN_OBJC_ROOT_CLASS = YES_ERROR;
				CLANG_WARN_QUOTED_INCLUDE_IN_FRAMEWORK_HEADER = YES;
				CLANG_WARN_RANGE_LOOP_ANALYSIS = YES;
				CLANG_WARN_STRICT_PROTOTYPES = YES;
				CLANG_WARN_SUSPICIOUS_MOVE = YES;
				CLANG_WARN_UNGUARDED_AVAILABILITY = YES_AGGRESSIVE;
				CLANG_WARN_UNREACHABLE_CODE = YES;
				CLANG_WARN__DUPLICATE_METHOD_MATCH = YES;
				COPY_PHASE_STRIP = NO;
				DEBUG_INFORMATION_FORMAT = "dwarf-with-dsym";
				ENABLE_NS_ASSERTIONS = NO;
				ENABLE_STRICT_OBJC_MSGSEND = YES;
				ENABLE_USER_SCRIPT_SANDBOXING = YES;
				GCC_C_LANGUAGE_STANDARD = gnu17;
				GCC_NO_COMMON_BLOCKS = YES;
				GCC_WARN_64_TO_32_BIT_CONVERSION = YES;
				GCC_WARN_ABOUT_RETURN_TYPE = YES_ERROR;
				GCC_WARN_UNDECLARED_SELECTOR = YES;
				GCC_WARN_UNINITIALIZED_AUTOS = YES_AGGRESSIVE;
				GCC_WARN_UNUSED_FUNCTION = YES;
				GCC_WARN_UNUSED_VARIABLE = YES;
				IPHONEOS_DEPLOYMENT_TARGET = 17.5;
				LOCALIZATION_PREFERS_STRING_CATALOGS = YES;
				MTL_ENABLE_DEBUG_INFO = NO;
				MTL_FAST_MATH = YES;
				SDKROOT = iphoneos;
				SWIFT_COMPILATION_MODE = wholemodule;
				VALIDATE_PRODUCT = YES;
			};
			name = Release;
		};
		516524422C05A60B006C9FEC /* Debug */ = {
			isa = XCBuildConfiguration;
			buildSettings = {
				ASSETCATALOG_COMPILER_APPICON_NAME = AppIcon;
				ASSETCATALOG_COMPILER_GLOBAL_ACCENT_COLOR_NAME = AccentColor;
				CODE_SIGN_STYLE = Automatic;
				CURRENT_PROJECT_VERSION = 1;
				DEVELOPMENT_ASSET_PATHS = "\"SwiftUIKundli/Preview Content\"";
				DEVELOPMENT_TEAM = LL58DR37V3;
				ENABLE_PREVIEWS = YES;
				GENERATE_INFOPLIST_FILE = YES;
				INFOPLIST_KEY_UIApplicationSceneManifest_Generation = YES;
				INFOPLIST_KEY_UIApplicationSupportsIndirectInputEvents = YES;
				INFOPLIST_KEY_UILaunchScreen_Generation = YES;
				INFOPLIST_KEY_UISupportedInterfaceOrientations_iPad = "UIInterfaceOrientationPortrait UIInterfaceOrientationPortraitUpsideDown UIInterfaceOrientationLandscapeLeft UIInterfaceOrientationLandscapeRight";
				INFOPLIST_KEY_UISupportedInterfaceOrientations_iPhone = "UIInterfaceOrientationPortrait UIInterfaceOrientationLandscapeLeft UIInterfaceOrientationLandscapeRight";
				LD_RUNPATH_SEARCH_PATHS = (
					"$(inherited)",
					"@executable_path/Frameworks",
				);
				MARKETING_VERSION = 1.0;
				PRODUCT_BUNDLE_IDENTIFIER = com.shukla.SwiftUIKundli;
				PRODUCT_NAME = "$(TARGET_NAME)";
				SWIFT_EMIT_LOC_STRINGS = YES;
				SWIFT_VERSION = 5.0;
				TARGETED_DEVICE_FAMILY = "1,2";
			};
			name = Debug;
		};
		516524432C05A60B006C9FEC /* Release */ = {
			isa = XCBuildConfiguration;
			buildSettings = {
				ASSETCATALOG_COMPILER_APPICON_NAME = AppIcon;
				ASSETCATALOG_COMPILER_GLOBAL_ACCENT_COLOR_NAME = AccentColor;
				CODE_SIGN_STYLE = Automatic;
				CURRENT_PROJECT_VERSION = 1;
				DEVELOPMENT_ASSET_PATHS = "\"SwiftUIKundli/Preview Content\"";
				DEVELOPMENT_TEAM = LL58DR37V3;
				ENABLE_PREVIEWS = YES;
				GENERATE_INFOPLIST_FILE = YES;
				INFOPLIST_KEY_UIApplicationSceneManifest_Generation = YES;
				INFOPLIST_KEY_UIApplicationSupportsIndirectInputEvents = YES;
				INFOPLIST_KEY_UILaunchScreen_Generation = YES;
				INFOPLIST_KEY_UISupportedInterfaceOrientations_iPad = "UIInterfaceOrientationPortrait UIInterfaceOrientationPortraitUpsideDown UIInterfaceOrientationLandscapeLeft UIInterfaceOrientationLandscapeRight";
				INFOPLIST_KEY_UISupportedInterfaceOrientations_iPhone = "UIInterfaceOrientationPortrait UIInterfaceOrientationLandscapeLeft UIInterfaceOrientationLandscapeRight";
				LD_RUNPATH_SEARCH_PATHS = (
					"$(inherited)",
					"@executable_path/Frameworks",
				);
				MARKETING_VERSION = 1.0;
				PRODUCT_BUNDLE_IDENTIFIER = com.shukla.SwiftUIKundli;
				PRODUCT_NAME = "$(TARGET_NAME)";
				SWIFT_EMIT_LOC_STRINGS = YES;
				SWIFT_VERSION = 5.0;
				TARGETED_DEVICE_FAMILY = "1,2";
			};
			name = Release;
		};
		516524452C05A60B006C9FEC /* Debug */ = {
			isa = XCBuildConfiguration;
			buildSettings = {
				ALWAYS_EMBED_SWIFT_STANDARD_LIBRARIES = YES;
				BUNDLE_LOADER = "$(TEST_HOST)";
				CODE_SIGN_STYLE = Automatic;
				CURRENT_PROJECT_VERSION = 1;
				DEVELOPMENT_TEAM = LL58DR37V3;
				GENERATE_INFOPLIST_FILE = YES;
				IPHONEOS_DEPLOYMENT_TARGET = 17.5;
				MARKETING_VERSION = 1.0;
				PRODUCT_BUNDLE_IDENTIFIER = com.shukla.SwiftUIKundliTests;
				PRODUCT_NAME = "$(TARGET_NAME)";
				SWIFT_EMIT_LOC_STRINGS = NO;
				SWIFT_VERSION = 5.0;
				TARGETED_DEVICE_FAMILY = "1,2";
				TEST_HOST = "$(BUILT_PRODUCTS_DIR)/SwiftUIKundli.app/$(BUNDLE_EXECUTABLE_FOLDER_PATH)/SwiftUIKundli";
			};
			name = Debug;
		};
		516524462C05A60B006C9FEC /* Release */ = {
			isa = XCBuildConfiguration;
			buildSettings = {
				ALWAYS_EMBED_SWIFT_STANDARD_LIBRARIES = YES;
				BUNDLE_LOADER = "$(TEST_HOST)";
				CODE_SIGN_STYLE = Automatic;
				CURRENT_PROJECT_VERSION = 1;
				DEVELOPMENT_TEAM = LL58DR37V3;
				GENERATE_INFOPLIST_FILE = YES;
				IPHONEOS_DEPLOYMENT_TARGET = 17.5;
				MARKETING_VERSION = 1.0;
				PRODUCT_BUNDLE_IDENTIFIER = com.shukla.SwiftUIKundliTests;
				PRODUCT_NAME = "$(TARGET_NAME)";
				SWIFT_EMIT_LOC_STRINGS = NO;
				SWIFT_VERSION = 5.0;
				TARGETED_DEVICE_FAMILY = "1,2";
				TEST_HOST = "$(BUILT_PRODUCTS_DIR)/SwiftUIKundli.app/$(BUNDLE_EXECUTABLE_FOLDER_PATH)/SwiftUIKundli";
			};
			name = Release;
		};
		516524482C05A60B006C9FEC /* Debug */ = {
			isa = XCBuildConfiguration;
			buildSettings = {
				ALWAYS_EMBED_SWIFT_STANDARD_LIBRARIES = YES;
				CODE_SIGN_STYLE = Automatic;
				CURRENT_PROJECT_VERSION = 1;
				DEVELOPMENT_TEAM = LL58DR37V3;
				GENERATE_INFOPLIST_FILE = YES;
				MARKETING_VERSION = 1.0;
				PRODUCT_BUNDLE_IDENTIFIER = com.shukla.SwiftUIKundliUITests;
				PRODUCT_NAME = "$(TARGET_NAME)";
				SWIFT_EMIT_LOC_STRINGS = NO;
				SWIFT_VERSION = 5.0;
				TARGETED_DEVICE_FAMILY = "1,2";
				TEST_TARGET_NAME = SwiftUIKundli;
			};
			name = Debug;
		};
		516524492C05A60B006C9FEC /* Release */ = {
			isa = XCBuildConfiguration;
			buildSettings = {
				ALWAYS_EMBED_SWIFT_STANDARD_LIBRARIES = YES;
				CODE_SIGN_STYLE = Automatic;
				CURRENT_PROJECT_VERSION = 1;
				DEVELOPMENT_TEAM = LL58DR37V3;
				GENERATE_INFOPLIST_FILE = YES;
				MARKETING_VERSION = 1.0;
				PRODUCT_BUNDLE_IDENTIFIER = com.shukla.SwiftUIKundliUITests;
				PRODUCT_NAME = "$(TARGET_NAME)";
				SWIFT_EMIT_LOC_STRINGS = NO;
				SWIFT_VERSION = 5.0;
				TARGETED_DEVICE_FAMILY = "1,2";
				TEST_TARGET_NAME = SwiftUIKundli;
			};
			name = Release;
		};
/* End XCBuildConfiguration section */

/* Begin XCConfigurationList section */
		516524162C05A60A006C9FEC /* Build configuration list for PBXProject "SwiftUIKundli" */ = {
			isa = XCConfigurationList;
			buildConfigurations = (
				5165243F2C05A60B006C9FEC /* Debug */,
				516524402C05A60B006C9FEC /* Release */,
			);
			defaultConfigurationIsVisible = 0;
			defaultConfigurationName = Release;
		};
		516524412C05A60B006C9FEC /* Build configuration list for PBXNativeTarget "SwiftUIKundli" */ = {
			isa = XCConfigurationList;
			buildConfigurations = (
				516524422C05A60B006C9FEC /* Debug */,
				516524432C05A60B006C9FEC /* Release */,
			);
			defaultConfigurationIsVisible = 0;
			defaultConfigurationName = Release;
		};
		516524442C05A60B006C9FEC /* Build configuration list for PBXNativeTarget "SwiftUIKundliTests" */ = {
			isa = XCConfigurationList;
			buildConfigurations = (
				516524452C05A60B006C9FEC /* Debug */,
				516524462C05A60B006C9FEC /* Release */,
			);
			defaultConfigurationIsVisible = 0;
			defaultConfigurationName = Release;
		};
		516524472C05A60B006C9FEC /* Build configuration list for PBXNativeTarget "SwiftUIKundliUITests" */ = {
			isa = XCConfigurationList;
			buildConfigurations = (
				516524482C05A60B006C9FEC /* Debug */,
				516524492C05A60B006C9FEC /* Release */,
			);
			defaultConfigurationIsVisible = 0;
			defaultConfigurationName = Release;
		};
/* End XCConfigurationList section */
	};
	rootObject = 516524132C05A60A006C9FEC /* Project object */;
}
