// !$*UTF8*$!
{
	archiveVersion = 1;
	classes = {
	};
	objectVersion = 56;
	objects = {

/* Begin PBXBuildFile section */
		516523C52BF619B6006C9FEC /* SwiftUICalculatorApp.swift in Sources */ = {isa = PBXBuildFile; fileRef = 516523C42BF619B6006C9FEC /* SwiftUICalculatorApp.swift */; };
		516523C92BF619B7006C9FEC /* Assets.xcassets in Resources */ = {isa = PBXBuildFile; fileRef = 516523C82BF619B7006C9FEC /* Assets.xcassets */; };
		516523CC2BF619B7006C9FEC /* Preview Assets.xcassets in Resources */ = {isa = PBXBuildFile; fileRef = 516523CB2BF619B7006C9FEC /* Preview Assets.xcassets */; };
		516523D62BF619B7006C9FEC /* SwiftUICalculatorTests.swift in Sources */ = {isa = PBXBuildFile; fileRef = 516523D52BF619B7006C9FEC /* SwiftUICalculatorTests.swift */; };
		516523E02BF619B7006C9FEC /* SwiftUICalculatorUITests.swift in Sources */ = {isa = PBXBuildFile; fileRef = 516523DF2BF619B7006C9FEC /* SwiftUICalculatorUITests.swift */; };
		516523E22BF619B7006C9FEC /* SwiftUICalculatorUITestsLaunchTests.swift in Sources */ = {isa = PBXBuildFile; fileRef = 516523E12BF619B7006C9FEC /* SwiftUICalculatorUITestsLaunchTests.swift */; };
		516523F32BF61B65006C9FEC /* CalculatorView.swift in Sources */ = {isa = PBXBuildFile; fileRef = 516523F22BF61B65006C9FEC /* CalculatorView.swift */; };
		516523F72BF61C67006C9FEC /* Digits.swift in Sources */ = {isa = PBXBuildFile; fileRef = 516523F62BF61C67006C9FEC /* Digits.swift */; };
		516523F92BF61CF4006C9FEC /* AirthmeticOperations.swift in Sources */ = {isa = PBXBuildFile; fileRef = 516523F82BF61CF4006C9FEC /* AirthmeticOperations.swift */; };
		516523FB2BF61DBD006C9FEC /* ButtonType.swift in Sources */ = {isa = PBXBuildFile; fileRef = 516523FA2BF61DBD006C9FEC /* ButtonType.swift */; };
		516523FD2BF621A5006C9FEC /* Calculator.swift in Sources */ = {isa = PBXBuildFile; fileRef = 516523FC2BF621A5006C9FEC /* Calculator.swift */; };
		516523FF2BF6FFDA006C9FEC /* CalculatorViewModel.swift in Sources */ = {isa = PBXBuildFile; fileRef = 516523FE2BF6FFDA006C9FEC /* CalculatorViewModel.swift */; };
		516524012BF7023A006C9FEC /* CalculatorButton.swift in Sources */ = {isa = PBXBuildFile; fileRef = 516524002BF7023A006C9FEC /* CalculatorButton.swift */; };
/* End PBXBuildFile section */

/* Begin PBXContainerItemProxy section */
		516523D22BF619B7006C9FEC /* PBXContainerItemProxy */ = {
			isa = PBXContainerItemProxy;
			containerPortal = 516523B92BF619B6006C9FEC /* Project object */;
			proxyType = 1;
			remoteGlobalIDString = 516523C02BF619B6006C9FEC;
			remoteInfo = SwiftUICalculator;
		};
		516523DC2BF619B7006C9FEC /* PBXContainerItemProxy */ = {
			isa = PBXContainerItemProxy;
			containerPortal = 516523B92BF619B6006C9FEC /* Project object */;
			proxyType = 1;
			remoteGlobalIDString = 516523C02BF619B6006C9FEC;
			remoteInfo = SwiftUICalculator;
		};
/* End PBXContainerItemProxy section */

/* Begin PBXFileReference section */
		516523C12BF619B6006C9FEC /* SwiftUICalculator.app */ = {isa = PBXFileReference; explicitFileType = wrapper.application; includeInIndex = 0; path = SwiftUICalculator.app; sourceTree = BUILT_PRODUCTS_DIR; };
		516523C42BF619B6006C9FEC /* SwiftUICalculatorApp.swift */ = {isa = PBXFileReference; lastKnownFileType = sourcecode.swift; path = SwiftUICalculatorApp.swift; sourceTree = "<group>"; };
		516523C82BF619B7006C9FEC /* Assets.xcassets */ = {isa = PBXFileReference; lastKnownFileType = folder.assetcatalog; path = Assets.xcassets; sourceTree = "<group>"; };
		516523CB2BF619B7006C9FEC /* Preview Assets.xcassets */ = {isa = PBXFileReference; lastKnownFileType = folder.assetcatalog; path = "Preview Assets.xcassets"; sourceTree = "<group>"; };
		516523D12BF619B7006C9FEC /* SwiftUICalculatorTests.xctest */ = {isa = PBXFileReference; explicitFileType = wrapper.cfbundle; includeInIndex = 0; path = SwiftUICalculatorTests.xctest; sourceTree = BUILT_PRODUCTS_DIR; };
		516523D52BF619B7006C9FEC /* SwiftUICalculatorTests.swift */ = {isa = PBXFileReference; lastKnownFileType = sourcecode.swift; path = SwiftUICalculatorTests.swift; sourceTree = "<group>"; };
		516523DB2BF619B7006C9FEC /* SwiftUICalculatorUITests.xctest */ = {isa = PBXFileReference; explicitFileType = wrapper.cfbundle; includeInIndex = 0; path = SwiftUICalculatorUITests.xctest; sourceTree = BUILT_PRODUCTS_DIR; };
		516523DF2BF619B7006C9FEC /* SwiftUICalculatorUITests.swift */ = {isa = PBXFileReference; lastKnownFileType = sourcecode.swift; path = SwiftUICalculatorUITests.swift; sourceTree = "<group>"; };
		516523E12BF619B7006C9FEC /* SwiftUICalculatorUITestsLaunchTests.swift */ = {isa = PBXFileReference; lastKnownFileType = sourcecode.swift; path = SwiftUICalculatorUITestsLaunchTests.swift; sourceTree = "<group>"; };
		516523F22BF61B65006C9FEC /* CalculatorView.swift */ = {isa = PBXFileReference; lastKnownFileType = sourcecode.swift; path = CalculatorView.swift; sourceTree = "<group>"; };
		516523F62BF61C67006C9FEC /* Digits.swift */ = {isa = PBXFileReference; lastKnownFileType = sourcecode.swift; path = Digits.swift; sourceTree = "<group>"; };
		516523F82BF61CF4006C9FEC /* AirthmeticOperations.swift */ = {isa = PBXFileReference; lastKnownFileType = sourcecode.swift; path = AirthmeticOperations.swift; sourceTree = "<group>"; };
		516523FA2BF61DBD006C9FEC /* ButtonType.swift */ = {isa = PBXFileReference; lastKnownFileType = sourcecode.swift; path = ButtonType.swift; sourceTree = "<group>"; };
		516523FC2BF621A5006C9FEC /* Calculator.swift */ = {isa = PBXFileReference; lastKnownFileType = sourcecode.swift; path = Calculator.swift; sourceTree = "<group>"; };
		516523FE2BF6FFDA006C9FEC /* CalculatorViewModel.swift */ = {isa = PBXFileReference; lastKnownFileType = sourcecode.swift; path = CalculatorViewModel.swift; sourceTree = "<group>"; };
		516524002BF7023A006C9FEC /* CalculatorButton.swift */ = {isa = PBXFileReference; lastKnownFileType = sourcecode.swift; path = CalculatorButton.swift; sourceTree = "<group>"; };
/* End PBXFileReference section */

/* Begin PBXFrameworksBuildPhase section */
		516523BE2BF619B6006C9FEC /* Frameworks */ = {
			isa = PBXFrameworksBuildPhase;
			buildActionMask = 2147483647;
			files = (
			);
			runOnlyForDeploymentPostprocessing = 0;
		};
		516523CE2BF619B7006C9FEC /* Frameworks */ = {
			isa = PBXFrameworksBuildPhase;
			buildActionMask = 2147483647;
			files = (
			);
			runOnlyForDeploymentPostprocessing = 0;
		};
		516523D82BF619B7006C9FEC /* Frameworks */ = {
			isa = PBXFrameworksBuildPhase;
			buildActionMask = 2147483647;
			files = (
			);
			runOnlyForDeploymentPostprocessing = 0;
		};
/* End PBXFrameworksBuildPhase section */

/* Begin PBXGroup section */
		516523B82BF619B6006C9FEC = {
			isa = PBXGroup;
			children = (
				516523C32BF619B6006C9FEC /* SwiftUICalculator */,
				516523D42BF619B7006C9FEC /* SwiftUICalculatorTests */,
				516523DE2BF619B7006C9FEC /* SwiftUICalculatorUITests */,
				516523C22BF619B6006C9FEC /* Products */,
			);
			sourceTree = "<group>";
		};
		516523C22BF619B6006C9FEC /* Products */ = {
			isa = PBXGroup;
			children = (
				516523C12BF619B6006C9FEC /* SwiftUICalculator.app */,
				516523D12BF619B7006C9FEC /* SwiftUICalculatorTests.xctest */,
				516523DB2BF619B7006C9FEC /* SwiftUICalculatorUITests.xctest */,
			);
			name = Products;
			sourceTree = "<group>";
		};
		516523C32BF619B6006C9FEC /* SwiftUICalculator */ = {
			isa = PBXGroup;
			children = (
				516523C42BF619B6006C9FEC /* SwiftUICalculatorApp.swift */,
				516523F52BF61C54006C9FEC /* Models */,
				516523EE2BF619C7006C9FEC /* Views */,
				516523C82BF619B7006C9FEC /* Assets.xcassets */,
				516523CA2BF619B7006C9FEC /* Preview Content */,
			);
			path = SwiftUICalculator;
			sourceTree = "<group>";
		};
		516523CA2BF619B7006C9FEC /* Preview Content */ = {
			isa = PBXGroup;
			children = (
				516523CB2BF619B7006C9FEC /* Preview Assets.xcassets */,
			);
			path = "Preview Content";
			sourceTree = "<group>";
		};
		516523D42BF619B7006C9FEC /* SwiftUICalculatorTests */ = {
			isa = PBXGroup;
			children = (
				516523D52BF619B7006C9FEC /* SwiftUICalculatorTests.swift */,
			);
			path = SwiftUICalculatorTests;
			sourceTree = "<group>";
		};
		516523DE2BF619B7006C9FEC /* SwiftUICalculatorUITests */ = {
			isa = PBXGroup;
			children = (
				516523DF2BF619B7006C9FEC /* SwiftUICalculatorUITests.swift */,
				516523E12BF619B7006C9FEC /* SwiftUICalculatorUITestsLaunchTests.swift */,
			);
			path = SwiftUICalculatorUITests;
			sourceTree = "<group>";
		};
		516523EE2BF619C7006C9FEC /* Views */ = {
			isa = PBXGroup;
			children = (
				516524042BF71C66006C9FEC /* CalculatorView */,
				516523F12BF61B48006C9FEC /* Components */,
			);
			path = Views;
			sourceTree = "<group>";
		};
		516523F12BF61B48006C9FEC /* Components */ = {
			isa = PBXGroup;
			children = (
				516524002BF7023A006C9FEC /* CalculatorButton.swift */,
			);
			path = Components;
			sourceTree = "<group>";
		};
		516523F52BF61C54006C9FEC /* Models */ = {
			isa = PBXGroup;
			children = (
				516523F62BF61C67006C9FEC /* Digits.swift */,
				516523F82BF61CF4006C9FEC /* AirthmeticOperations.swift */,
				516523FA2BF61DBD006C9FEC /* ButtonType.swift */,
				516523FC2BF621A5006C9FEC /* Calculator.swift */,
			);
			path = Models;
			sourceTree = "<group>";
		};
		516524042BF71C66006C9FEC /* CalculatorView */ = {
			isa = PBXGroup;
			children = (
				516523F22BF61B65006C9FEC /* CalculatorView.swift */,
				516523FE2BF6FFDA006C9FEC /* CalculatorViewModel.swift */,
			);
			path = CalculatorView;
			sourceTree = "<group>";
		};
/* End PBXGroup section */

/* Begin PBXNativeTarget section */
		516523C02BF619B6006C9FEC /* SwiftUICalculator */ = {
			isa = PBXNativeTarget;
			buildConfigurationList = 516523E52BF619B7006C9FEC /* Build configuration list for PBXNativeTarget "SwiftUICalculator" */;
			buildPhases = (
				516523BD2BF619B6006C9FEC /* Sources */,
				516523BE2BF619B6006C9FEC /* Frameworks */,
				516523BF2BF619B6006C9FEC /* Resources */,
			);
			buildRules = (
			);
			dependencies = (
			);
			name = SwiftUICalculator;
			productName = SwiftUICalculator;
			productReference = 516523C12BF619B6006C9FEC /* SwiftUICalculator.app */;
			productType = "com.apple.product-type.application";
		};
		516523D02BF619B7006C9FEC /* SwiftUICalculatorTests */ = {
			isa = PBXNativeTarget;
			buildConfigurationList = 516523E82BF619B7006C9FEC /* Build configuration list for PBXNativeTarget "SwiftUICalculatorTests" */;
			buildPhases = (
				516523CD2BF619B7006C9FEC /* Sources */,
				516523CE2BF619B7006C9FEC /* Frameworks */,
				516523CF2BF619B7006C9FEC /* Resources */,
			);
			buildRules = (
			);
			dependencies = (
				516523D32BF619B7006C9FEC /* PBXTargetDependency */,
			);
			name = SwiftUICalculatorTests;
			productName = SwiftUICalculatorTests;
			productReference = 516523D12BF619B7006C9FEC /* SwiftUICalculatorTests.xctest */;
			productType = "com.apple.product-type.bundle.unit-test";
		};
		516523DA2BF619B7006C9FEC /* SwiftUICalculatorUITests */ = {
			isa = PBXNativeTarget;
			buildConfigurationList = 516523EB2BF619B7006C9FEC /* Build configuration list for PBXNativeTarget "SwiftUICalculatorUITests" */;
			buildPhases = (
				516523D72BF619B7006C9FEC /* Sources */,
				516523D82BF619B7006C9FEC /* Frameworks */,
				516523D92BF619B7006C9FEC /* Resources */,
			);
			buildRules = (
			);
			dependencies = (
				516523DD2BF619B7006C9FEC /* PBXTargetDependency */,
			);
			name = SwiftUICalculatorUITests;
			productName = SwiftUICalculatorUITests;
			productReference = 516523DB2BF619B7006C9FEC /* SwiftUICalculatorUITests.xctest */;
			productType = "com.apple.product-type.bundle.ui-testing";
		};
/* End PBXNativeTarget section */

/* Begin PBXProject section */
		516523B92BF619B6006C9FEC /* Project object */ = {
			isa = PBXProject;
			attributes = {
				BuildIndependentTargetsInParallel = 1;
				LastSwiftUpdateCheck = 1540;
				LastUpgradeCheck = 1540;
				TargetAttributes = {
					516523C02BF619B6006C9FEC = {
						CreatedOnToolsVersion = 15.4;
					};
					516523D02BF619B7006C9FEC = {
						CreatedOnToolsVersion = 15.4;
						TestTargetID = 516523C02BF619B6006C9FEC;
					};
					516523DA2BF619B7006C9FEC = {
						CreatedOnToolsVersion = 15.4;
						TestTargetID = 516523C02BF619B6006C9FEC;
					};
				};
			};
			buildConfigurationList = 516523BC2BF619B6006C9FEC /* Build configuration list for PBXProject "SwiftUICalculator" */;
			compatibilityVersion = "Xcode 14.0";
			developmentRegion = en;
			hasScannedForEncodings = 0;
			knownRegions = (
				en,
				Base,
			);
			mainGroup = 516523B82BF619B6006C9FEC;
			productRefGroup = 516523C22BF619B6006C9FEC /* Products */;
			projectDirPath = "";
			projectRoot = "";
			targets = (
				516523C02BF619B6006C9FEC /* SwiftUICalculator */,
				516523D02BF619B7006C9FEC /* SwiftUICalculatorTests */,
				516523DA2BF619B7006C9FEC /* SwiftUICalculatorUITests */,
			);
		};
/* End PBXProject section */

/* Begin PBXResourcesBuildPhase section */
		516523BF2BF619B6006C9FEC /* Resources */ = {
			isa = PBXResourcesBuildPhase;
			buildActionMask = 2147483647;
			files = (
				516523CC2BF619B7006C9FEC /* Preview Assets.xcassets in Resources */,
				516523C92BF619B7006C9FEC /* Assets.xcassets in Resources */,
			);
			runOnlyForDeploymentPostprocessing = 0;
		};
		516523CF2BF619B7006C9FEC /* Resources */ = {
			isa = PBXResourcesBuildPhase;
			buildActionMask = 2147483647;
			files = (
			);
			runOnlyForDeploymentPostprocessing = 0;
		};
		516523D92BF619B7006C9FEC /* Resources */ = {
			isa = PBXResourcesBuildPhase;
			buildActionMask = 2147483647;
			files = (
			);
			runOnlyForDeploymentPostprocessing = 0;
		};
/* End PBXResourcesBuildPhase section */

/* Begin PBXSourcesBuildPhase section */
		516523BD2BF619B6006C9FEC /* Sources */ = {
			isa = PBXSourcesBuildPhase;
			buildActionMask = 2147483647;
			files = (
				516523F92BF61CF4006C9FEC /* AirthmeticOperations.swift in Sources */,
				516524012BF7023A006C9FEC /* CalculatorButton.swift in Sources */,
				516523FB2BF61DBD006C9FEC /* ButtonType.swift in Sources */,
				516523FF2BF6FFDA006C9FEC /* CalculatorViewModel.swift in Sources */,
				516523FD2BF621A5006C9FEC /* Calculator.swift in Sources */,
				516523F32BF61B65006C9FEC /* CalculatorView.swift in Sources */,
				516523C52BF619B6006C9FEC /* SwiftUICalculatorApp.swift in Sources */,
				516523F72BF61C67006C9FEC /* Digits.swift in Sources */,
			);
			runOnlyForDeploymentPostprocessing = 0;
		};
		516523CD2BF619B7006C9FEC /* Sources */ = {
			isa = PBXSourcesBuildPhase;
			buildActionMask = 2147483647;
			files = (
				516523D62BF619B7006C9FEC /* SwiftUICalculatorTests.swift in Sources */,
			);
			runOnlyForDeploymentPostprocessing = 0;
		};
		516523D72BF619B7006C9FEC /* Sources */ = {
			isa = PBXSourcesBuildPhase;
			buildActionMask = 2147483647;
			files = (
				516523E22BF619B7006C9FEC /* SwiftUICalculatorUITestsLaunchTests.swift in Sources */,
				516523E02BF619B7006C9FEC /* SwiftUICalculatorUITests.swift in Sources */,
			);
			runOnlyForDeploymentPostprocessing = 0;
		};
/* End PBXSourcesBuildPhase section */

/* Begin PBXTargetDependency section */
		516523D32BF619B7006C9FEC /* PBXTargetDependency */ = {
			isa = PBXTargetDependency;
			target = 516523C02BF619B6006C9FEC /* SwiftUICalculator */;
			targetProxy = 516523D22BF619B7006C9FEC /* PBXContainerItemProxy */;
		};
		516523DD2BF619B7006C9FEC /* PBXTargetDependency */ = {
			isa = PBXTargetDependency;
			target = 516523C02BF619B6006C9FEC /* SwiftUICalculator */;
			targetProxy = 516523DC2BF619B7006C9FEC /* PBXContainerItemProxy */;
		};
/* End PBXTargetDependency section */

/* Begin XCBuildConfiguration section */
		516523E32BF619B7006C9FEC /* Debug */ = {
			isa = XCBuildConfiguration;
			buildSettings = {
				ALWAYS_SEARCH_USER_PATHS = NO;
				ASSETCATALOG_COMPILER_GENERATE_SWIFT_ASSET_SYMBOL_EXTENSIONS = YES;
				CLANG_ANALYZER_NONNULL = YES;
				CLANG_ANALYZER_NUMBER_OBJECT_CONVERSION = YES_AGGRESSIVE;
				CLANG_CXX_LANGUAGE_STANDARD = "gnu++20";
				CLANG_ENABLE_MODULES = YES;
				CLANG_ENABLE_OBJC_ARC = YES;
				CLANG_ENABLE_OBJC_WEAK = YES;
				CLANG_WARN_BLOCK_CAPTURE_AUTORELEASING = YES;
				CLANG_WARN_BOOL_CONVERSION = YES;
				CLANG_WARN_COMMA = YES;
				CLANG_WARN_CONSTANT_CONVERSION = YES;
				CLANG_WARN_DEPRECATED_OBJC_IMPLEMENTATIONS = YES;
				CLANG_WARN_DIRECT_OBJC_ISA_USAGE = YES_ERROR;
				CLANG_WARN_DOCUMENTATION_COMMENTS = YES;
				CLANG_WARN_EMPTY_BODY = YES;
				CLANG_WARN_ENUM_CONVERSION = YES;
				CLANG_WARN_INFINITE_RECURSION = YES;
				CLANG_WARN_INT_CONVERSION = YES;
				CLANG_WARN_NON_LITERAL_NULL_CONVERSION = YES;
				CLANG_WARN_OBJC_IMPLICIT_RETAIN_SELF = YES;
				CLANG_WARN_OBJC_LITERAL_CONVERSION = YES;
				CLANG_WARN_OBJC_ROOT_CLASS = YES_ERROR;
				CLANG_WARN_QUOTED_INCLUDE_IN_FRAMEWORK_HEADER = YES;
				CLANG_WARN_RANGE_LOOP_ANALYSIS = YES;
				CLANG_WARN_STRICT_PROTOTYPES = YES;
				CLANG_WARN_SUSPICIOUS_MOVE = YES;
				CLANG_WARN_UNGUARDED_AVAILABILITY = YES_AGGRESSIVE;
				CLANG_WARN_UNREACHABLE_CODE = YES;
				CLANG_WARN__DUPLICATE_METHOD_MATCH = YES;
				COPY_PHASE_STRIP = NO;
				DEBUG_INFORMATION_FORMAT = dwarf;
				ENABLE_STRICT_OBJC_MSGSEND = YES;
				ENABLE_TESTABILITY = YES;
				ENABLE_USER_SCRIPT_SANDBOXING = YES;
				GCC_C_LANGUAGE_STANDARD = gnu17;
				GCC_DYNAMIC_NO_PIC = NO;
				GCC_NO_COMMON_BLOCKS = YES;
				GCC_OPTIMIZATION_LEVEL = 0;
				GCC_PREPROCESSOR_DEFINITIONS = (
					"DEBUG=1",
					"$(inherited)",
				);
				GCC_WARN_64_TO_32_BIT_CONVERSION = YES;
				GCC_WARN_ABOUT_RETURN_TYPE = YES_ERROR;
				GCC_WARN_UNDECLARED_SELECTOR = YES;
				GCC_WARN_UNINITIALIZED_AUTOS = YES_AGGRESSIVE;
				GCC_WARN_UNUSED_FUNCTION = YES;
				GCC_WARN_UNUSED_VARIABLE = YES;
				IPHONEOS_DEPLOYMENT_TARGET = 17.5;
				LOCALIZATION_PREFERS_STRING_CATALOGS = YES;
				MTL_ENABLE_DEBUG_INFO = INCLUDE_SOURCE;
				MTL_FAST_MATH = YES;
				ONLY_ACTIVE_ARCH = YES;
				SDKROOT = iphoneos;
				SWIFT_ACTIVE_COMPILATION_CONDITIONS = "DEBUG $(inherited)";
				SWIFT_OPTIMIZATION_LEVEL = "-Onone";
			};
			name = Debug;
		};
		516523E42BF619B7006C9FEC /* Release */ = {
			isa = XCBuildConfiguration;
			buildSettings = {
				ALWAYS_SEARCH_USER_PATHS = NO;
				ASSETCATALOG_COMPILER_GENERATE_SWIFT_ASSET_SYMBOL_EXTENSIONS = YES;
				CLANG_ANALYZER_NONNULL = YES;
				CLANG_ANALYZER_NUMBER_OBJECT_CONVERSION = YES_AGGRESSIVE;
				CLANG_CXX_LANGUAGE_STANDARD = "gnu++20";
				CLANG_ENABLE_MODULES = YES;
				CLANG_ENABLE_OBJC_ARC = YES;
				CLANG_ENABLE_OBJC_WEAK = YES;
				CLANG_WARN_BLOCK_CAPTURE_AUTORELEASING = YES;
				CLANG_WARN_BOOL_CONVERSION = YES;
				CLANG_WARN_COMMA = YES;
				CLANG_WARN_CONSTANT_CONVERSION = YES;
				CLANG_WARN_DEPRECATED_OBJC_IMPLEMENTATIONS = YES;
				CLANG_WARN_DIRECT_OBJC_ISA_USAGE = YES_ERROR;
				CLANG_WARN_DOCUMENTATION_COMMENTS = YES;
				CLANG_WARN_EMPTY_BODY = YES;
				CLANG_WARN_ENUM_CONVERSION = YES;
				CLANG_WARN_INFINITE_RECURSION = YES;
				CLANG_WARN_INT_CONVERSION = YES;
				CLANG_WARN_NON_LITERAL_NULL_CONVERSION = YES;
				CLANG_WARN_OBJC_IMPLICIT_RETAIN_SELF = YES;
				CLANG_WARN_OBJC_LITERAL_CONVERSION = YES;
				CLANG_WARN_OBJC_ROOT_CLASS = YES_ERROR;
				CLANG_WARN_QUOTED_INCLUDE_IN_FRAMEWORK_HEADER = YES;
				CLANG_WARN_RANGE_LOOP_ANALYSIS = YES;
				CLANG_WARN_STRICT_PROTOTYPES = YES;
				CLANG_WARN_SUSPICIOUS_MOVE = YES;
				CLANG_WARN_UNGUARDED_AVAILABILITY = YES_AGGRESSIVE;
				CLANG_WARN_UNREACHABLE_CODE = YES;
				CLANG_WARN__DUPLICATE_METHOD_MATCH = YES;
				COPY_PHASE_STRIP = NO;
				DEBUG_INFORMATION_FORMAT = "dwarf-with-dsym";
				ENABLE_NS_ASSERTIONS = NO;
				ENABLE_STRICT_OBJC_MSGSEND = YES;
				ENABLE_USER_SCRIPT_SANDBOXING = YES;
				GCC_C_LANGUAGE_STANDARD = gnu17;
				GCC_NO_COMMON_BLOCKS = YES;
				GCC_WARN_64_TO_32_BIT_CONVERSION = YES;
				GCC_WARN_ABOUT_RETURN_TYPE = YES_ERROR;
				GCC_WARN_UNDECLARED_SELECTOR = YES;
				GCC_WARN_UNINITIALIZED_AUTOS = YES_AGGRESSIVE;
				GCC_WARN_UNUSED_FUNCTION = YES;
				GCC_WARN_UNUSED_VARIABLE = YES;
				IPHONEOS_DEPLOYMENT_TARGET = 17.5;
				LOCALIZATION_PREFERS_STRING_CATALOGS = YES;
				MTL_ENABLE_DEBUG_INFO = NO;
				MTL_FAST_MATH = YES;
				SDKROOT = iphoneos;
				SWIFT_COMPILATION_MODE = wholemodule;
				VALIDATE_PRODUCT = YES;
			};
			name = Release;
		};
		516523E62BF619B7006C9FEC /* Debug */ = {
			isa = XCBuildConfiguration;
			buildSettings = {
				ASSETCATALOG_COMPILER_APPICON_NAME = AppIcon;
				ASSETCATALOG_COMPILER_GLOBAL_ACCENT_COLOR_NAME = AccentColor;
				CODE_SIGN_STYLE = Automatic;
				CURRENT_PROJECT_VERSION = 1;
				DEVELOPMENT_ASSET_PATHS = "\"SwiftUICalculator/Preview Content\"";
				DEVELOPMENT_TEAM = LL58DR37V3;
				ENABLE_PREVIEWS = YES;
				GENERATE_INFOPLIST_FILE = YES;
				INFOPLIST_KEY_UIApplicationSceneManifest_Generation = YES;
				INFOPLIST_KEY_UIApplicationSupportsIndirectInputEvents = YES;
				INFOPLIST_KEY_UILaunchScreen_Generation = YES;
				INFOPLIST_KEY_UISupportedInterfaceOrientations_iPad = "UIInterfaceOrientationPortrait UIInterfaceOrientationPortraitUpsideDown UIInterfaceOrientationLandscapeLeft UIInterfaceOrientationLandscapeRight";
				INFOPLIST_KEY_UISupportedInterfaceOrientations_iPhone = "UIInterfaceOrientationPortrait UIInterfaceOrientationLandscapeLeft UIInterfaceOrientationLandscapeRight";
				LD_RUNPATH_SEARCH_PATHS = (
					"$(inherited)",
					"@executable_path/Frameworks",
				);
				MARKETING_VERSION = 1.0;
				PRODUCT_BUNDLE_IDENTIFIER = com.shukla.SwiftUICalculator;
				PRODUCT_NAME = "$(TARGET_NAME)";
				SWIFT_EMIT_LOC_STRINGS = YES;
				SWIFT_VERSION = 5.0;
				TARGETED_DEVICE_FAMILY = "1,2";
			};
			name = Debug;
		};
		516523E72BF619B7006C9FEC /* Release */ = {
			isa = XCBuildConfiguration;
			buildSettings = {
				ASSETCATALOG_COMPILER_APPICON_NAME = AppIcon;
				ASSETCATALOG_COMPILER_GLOBAL_ACCENT_COLOR_NAME = AccentColor;
				CODE_SIGN_STYLE = Automatic;
				CURRENT_PROJECT_VERSION = 1;
				DEVELOPMENT_ASSET_PATHS = "\"SwiftUICalculator/Preview Content\"";
				DEVELOPMENT_TEAM = LL58DR37V3;
				ENABLE_PREVIEWS = YES;
				GENERATE_INFOPLIST_FILE = YES;
				INFOPLIST_KEY_UIApplicationSceneManifest_Generation = YES;
				INFOPLIST_KEY_UIApplicationSupportsIndirectInputEvents = YES;
				INFOPLIST_KEY_UILaunchScreen_Generation = YES;
				INFOPLIST_KEY_UISupportedInterfaceOrientations_iPad = "UIInterfaceOrientationPortrait UIInterfaceOrientationPortraitUpsideDown UIInterfaceOrientationLandscapeLeft UIInterfaceOrientationLandscapeRight";
				INFOPLIST_KEY_UISupportedInterfaceOrientations_iPhone = "UIInterfaceOrientationPortrait UIInterfaceOrientationLandscapeLeft UIInterfaceOrientationLandscapeRight";
				LD_RUNPATH_SEARCH_PATHS = (
					"$(inherited)",
					"@executable_path/Frameworks",
				);
				MARKETING_VERSION = 1.0;
				PRODUCT_BUNDLE_IDENTIFIER = com.shukla.SwiftUICalculator;
				PRODUCT_NAME = "$(TARGET_NAME)";
				SWIFT_EMIT_LOC_STRINGS = YES;
				SWIFT_VERSION = 5.0;
				TARGETED_DEVICE_FAMILY = "1,2";
			};
			name = Release;
		};
		516523E92BF619B7006C9FEC /* Debug */ = {
			isa = XCBuildConfiguration;
			buildSettings = {
				ALWAYS_EMBED_SWIFT_STANDARD_LIBRARIES = YES;
				BUNDLE_LOADER = "$(TEST_HOST)";
				CODE_SIGN_STYLE = Automatic;
				CURRENT_PROJECT_VERSION = 1;
				DEVELOPMENT_TEAM = LL58DR37V3;
				GENERATE_INFOPLIST_FILE = YES;
				IPHONEOS_DEPLOYMENT_TARGET = 17.5;
				MARKETING_VERSION = 1.0;
				PRODUCT_BUNDLE_IDENTIFIER = com.shukla.SwiftUICalculatorTests;
				PRODUCT_NAME = "$(TARGET_NAME)";
				SWIFT_EMIT_LOC_STRINGS = NO;
				SWIFT_VERSION = 5.0;
				TARGETED_DEVICE_FAMILY = "1,2";
				TEST_HOST = "$(BUILT_PRODUCTS_DIR)/SwiftUICalculator.app/$(BUNDLE_EXECUTABLE_FOLDER_PATH)/SwiftUICalculator";
			};
			name = Debug;
		};
		516523EA2BF619B7006C9FEC /* Release */ = {
			isa = XCBuildConfiguration;
			buildSettings = {
				ALWAYS_EMBED_SWIFT_STANDARD_LIBRARIES = YES;
				BUNDLE_LOADER = "$(TEST_HOST)";
				CODE_SIGN_STYLE = Automatic;
				CURRENT_PROJECT_VERSION = 1;
				DEVELOPMENT_TEAM = LL58DR37V3;
				GENERATE_INFOPLIST_FILE = YES;
				IPHONEOS_DEPLOYMENT_TARGET = 17.5;
				MARKETING_VERSION = 1.0;
				PRODUCT_BUNDLE_IDENTIFIER = com.shukla.SwiftUICalculatorTests;
				PRODUCT_NAME = "$(TARGET_NAME)";
				SWIFT_EMIT_LOC_STRINGS = NO;
				SWIFT_VERSION = 5.0;
				TARGETED_DEVICE_FAMILY = "1,2";
				TEST_HOST = "$(BUILT_PRODUCTS_DIR)/SwiftUICalculator.app/$(BUNDLE_EXECUTABLE_FOLDER_PATH)/SwiftUICalculator";
			};
			name = Release;
		};
		516523EC2BF619B7006C9FEC /* Debug */ = {
			isa = XCBuildConfiguration;
			buildSettings = {
				ALWAYS_EMBED_SWIFT_STANDARD_LIBRARIES = YES;
				CODE_SIGN_STYLE = Automatic;
				CURRENT_PROJECT_VERSION = 1;
				DEVELOPMENT_TEAM = LL58DR37V3;
				GENERATE_INFOPLIST_FILE = YES;
				MARKETING_VERSION = 1.0;
				PRODUCT_BUNDLE_IDENTIFIER = com.shukla.SwiftUICalculatorUITests;
				PRODUCT_NAME = "$(TARGET_NAME)";
				SWIFT_EMIT_LOC_STRINGS = NO;
				SWIFT_VERSION = 5.0;
				TARGETED_DEVICE_FAMILY = "1,2";
				TEST_TARGET_NAME = SwiftUICalculator;
			};
			name = Debug;
		};
		516523ED2BF619B7006C9FEC /* Release */ = {
			isa = XCBuildConfiguration;
			buildSettings = {
				ALWAYS_EMBED_SWIFT_STANDARD_LIBRARIES = YES;
				CODE_SIGN_STYLE = Automatic;
				CURRENT_PROJECT_VERSION = 1;
				DEVELOPMENT_TEAM = LL58DR37V3;
				GENERATE_INFOPLIST_FILE = YES;
				MARKETING_VERSION = 1.0;
				PRODUCT_BUNDLE_IDENTIFIER = com.shukla.SwiftUICalculatorUITests;
				PRODUCT_NAME = "$(TARGET_NAME)";
				SWIFT_EMIT_LOC_STRINGS = NO;
				SWIFT_VERSION = 5.0;
				TARGETED_DEVICE_FAMILY = "1,2";
				TEST_TARGET_NAME = SwiftUICalculator;
			};
			name = Release;
		};
/* End XCBuildConfiguration section */

/* Begin XCConfigurationList section */
		516523BC2BF619B6006C9FEC /* Build configuration list for PBXProject "SwiftUICalculator" */ = {
			isa = XCConfigurationList;
			buildConfigurations = (
				516523E32BF619B7006C9FEC /* Debug */,
				516523E42BF619B7006C9FEC /* Release */,
			);
			defaultConfigurationIsVisible = 0;
			defaultConfigurationName = Release;
		};
		516523E52BF619B7006C9FEC /* Build configuration list for PBXNativeTarget "SwiftUICalculator" */ = {
			isa = XCConfigurationList;
			buildConfigurations = (
				516523E62BF619B7006C9FEC /* Debug */,
				516523E72BF619B7006C9FEC /* Release */,
			);
			defaultConfigurationIsVisible = 0;
			defaultConfigurationName = Release;
		};
		516523E82BF619B7006C9FEC /* Build configuration list for PBXNativeTarget "SwiftUICalculatorTests" */ = {
			isa = XCConfigurationList;
			buildConfigurations = (
				516523E92BF619B7006C9FEC /* Debug */,
				516523EA2BF619B7006C9FEC /* Release */,
			);
			defaultConfigurationIsVisible = 0;
			defaultConfigurationName = Release;
		};
		516523EB2BF619B7006C9FEC /* Build configuration list for PBXNativeTarget "SwiftUICalculatorUITests" */ = {
			isa = XCConfigurationList;
			buildConfigurations = (
				516523EC2BF619B7006C9FEC /* Debug */,
				516523ED2BF619B7006C9FEC /* Release */,
			);
			defaultConfigurationIsVisible = 0;
			defaultConfigurationName = Release;
		};
/* End XCConfigurationList section */
	};
	rootObject = 516523B92BF619B6006C9FEC /* Project object */;
}
